
Microsoft Visual Studio Solution File, Format Version 12.00
# Visual Studio Version 17
VisualStudioVersion = 17.4.33213.308
MinimumVisualStudioVersion = 10.0.40219.1
Project("{FAE04EC0-301F-11D3-BF4B-00C04F79EFBC}") = "Riigipuhad.Android", "Riigipuhad.Android\Riigipuhad.Android.csproj", "{82F5E273-4363-4A99-ACAC-6F956BC5DCA9}"
EndProject
Project("{FAE04EC0-301F-11D3-BF4B-00C04F79EFBC}") = "Riigipuhad", "Riigipuhad\Riigipuhad.csproj", "{12C87A9E-594D-4BB8-ADE2-6599F7B7198D}"
EndProject
Global
	GlobalSection(SolutionConfigurationPlatforms) = preSolution
		Debug|Any CPU = Debug|Any CPU
		Release|Any CPU = Release|Any CPU
	EndGlobalSection
	GlobalSection(ProjectConfigurationPlatforms) = postSolution
		{82F5E273-4363-4A99-ACAC-6F956BC5DCA9}.Debug|Any CPU.ActiveCfg = Debug|Any CPU
		{82F5E273-4363-4A99-ACAC-6F956BC5DCA9}.Debug|Any CPU.Build.0 = Debug|Any CPU
		{82F5E273-4363-4A99-ACAC-6F956BC5DCA9}.Debug|Any CPU.Deploy.0 = Debug|Any CPU
		{82F5E273-4363-4A99-ACAC-6F956BC5DCA9}.Release|Any CPU.ActiveCfg = Release|Any CPU
		{82F5E273-4363-4A99-ACAC-6F956BC5DCA9}.Release|Any CPU.Build.0 = Release|Any CPU
		{82F5E273-4363-4A99-ACAC-6F956BC5DCA9}.Release|Any CPU.Deploy.0 = Release|Any CPU
		{12C87A9E-594D-4BB8-ADE2-6599F7B7198D}.Debug|Any CPU.ActiveCfg = Debug|Any CPU
		{12C87A9E-594D-4BB8-ADE2-6599F7B7198D}.Debug|Any CPU.Build.0 = Debug|Any CPU
		{12C87A9E-594D-4BB8-ADE2-6599F7B7198D}.Debug|Any CPU.Deploy.0 = Debug|Any CPU
		{12C87A9E-594D-4BB8-ADE2-6599F7B7198D}.Release|Any CPU.ActiveCfg = Release|Any CPU
		{12C87A9E-594D-4BB8-ADE2-6599F7B7198D}.Release|Any CPU.Build.0 = Release|Any CPU
		{12C87A9E-594D-4BB8-ADE2-6599F7B7198D}.Release|Any CPU.Deploy.0 = Release|Any CPU
	EndGlobalSection
	GlobalSection(SolutionProperties) = preSolution
		HideSolutionNode = FALSE
	EndGlobalSection
	GlobalSection(ExtensibilityGlobals) = postSolution
		SolutionGuid = {FB4AB52A-DF52-41D4-AAAE-2F5E3DA85AEC}
	EndGlobalSection
EndGlobal
